// !$*UTF8*$!
{
	archiveVersion = 1;
	classes = {
	};
	objectVersion = 50;
	objects = {

/* Begin PBXBuildFile section */
		453C816C2510750200AE2BFB /* MyCollectionViewCell.swift in Sources */ = {isa = PBXBuildFile; fileRef = 453C816A2510750200AE2BFB /* MyCollectionViewCell.swift */; };
		453C816D2510750200AE2BFB /* MyCollectionViewCell.xib in Resources */ = {isa = PBXBuildFile; fileRef = 453C816B2510750200AE2BFB /* MyCollectionViewCell.xib */; };
		453C816F25107F9600AE2BFB /* MoviesViewModel.swift in Sources */ = {isa = PBXBuildFile; fileRef = 453C816E25107F9600AE2BFB /* MoviesViewModel.swift */; };
		453C81712510855100AE2BFB /* MovieCellController.swift in Sources */ = {isa = PBXBuildFile; fileRef = 453C81702510855100AE2BFB /* MovieCellController.swift */; };
		4577FEF825103B3300CA45CB /* AppDelegate.swift in Sources */ = {isa = PBXBuildFile; fileRef = 4577FEF725103B3300CA45CB /* AppDelegate.swift */; };
		4577FEFA25103B3300CA45CB /* SceneDelegate.swift in Sources */ = {isa = PBXBuildFile; fileRef = 4577FEF925103B3300CA45CB /* SceneDelegate.swift */; };
		4577FEFC25103B3300CA45CB /* ViewController.swift in Sources */ = {isa = PBXBuildFile; fileRef = 4577FEFB25103B3300CA45CB /* ViewController.swift */; };
		4577FEFF25103B3300CA45CB /* Main.storyboard in Resources */ = {isa = PBXBuildFile; fileRef = 4577FEFD25103B3300CA45CB /* Main.storyboard */; };
		4577FF0125103B3500CA45CB /* Assets.xcassets in Resources */ = {isa = PBXBuildFile; fileRef = 4577FF0025103B3500CA45CB /* Assets.xcassets */; };
		4577FF0425103B3500CA45CB /* LaunchScreen.storyboard in Resources */ = {isa = PBXBuildFile; fileRef = 4577FF0225103B3500CA45CB /* LaunchScreen.storyboard */; };
		4577FF0F25103B3500CA45CB /* RequestTests.swift in Sources */ = {isa = PBXBuildFile; fileRef = 4577FF0E25103B3500CA45CB /* RequestTests.swift */; };
		4577FF1A25103B3500CA45CB /* RequestUITests.swift in Sources */ = {isa = PBXBuildFile; fileRef = 4577FF1925103B3500CA45CB /* RequestUITests.swift */; };
		4577FF2825103BEC00CA45CB /* EasyRequest.swift in Sources */ = {isa = PBXBuildFile; fileRef = 4577FF2725103BEC00CA45CB /* EasyRequest.swift */; };
		4577FF2C251046DD00CA45CB /* MoviesModel.swift in Sources */ = {isa = PBXBuildFile; fileRef = 4577FF2B251046DD00CA45CB /* MoviesModel.swift */; };
/* End PBXBuildFile section */

/* Begin PBXContainerItemProxy section */
		4577FF0B25103B3500CA45CB /* PBXContainerItemProxy */ = {
			isa = PBXContainerItemProxy;
			containerPortal = 4577FEEC25103B3200CA45CB /* Project object */;
			proxyType = 1;
			remoteGlobalIDString = 4577FEF325103B3200CA45CB;
			remoteInfo = Request;
		};
		4577FF1625103B3500CA45CB /* PBXContainerItemProxy */ = {
			isa = PBXContainerItemProxy;
			containerPortal = 4577FEEC25103B3200CA45CB /* Project object */;
			proxyType = 1;
			remoteGlobalIDString = 4577FEF325103B3200CA45CB;
			remoteInfo = Request;
		};
/* End PBXContainerItemProxy section */

/* Begin PBXFileReference section */
		453C816A2510750200AE2BFB /* MyCollectionViewCell.swift */ = {isa = PBXFileReference; lastKnownFileType = sourcecode.swift; path = MyCollectionViewCell.swift; sourceTree = "<group>"; };
		453C816B2510750200AE2BFB /* MyCollectionViewCell.xib */ = {isa = PBXFileReference; lastKnownFileType = file.xib; path = MyCollectionViewCell.xib; sourceTree = "<group>"; };
		453C816E25107F9600AE2BFB /* MoviesViewModel.swift */ = {isa = PBXFileReference; lastKnownFileType = sourcecode.swift; path = MoviesViewModel.swift; sourceTree = "<group>"; };
		453C81702510855100AE2BFB /* MovieCellController.swift */ = {isa = PBXFileReference; lastKnownFileType = sourcecode.swift; path = MovieCellController.swift; sourceTree = "<group>"; };
		4577FEF425103B3300CA45CB /* Request.app */ = {isa = PBXFileReference; explicitFileType = wrapper.application; includeInIndex = 0; path = Request.app; sourceTree = BUILT_PRODUCTS_DIR; };
		4577FEF725103B3300CA45CB /* AppDelegate.swift */ = {isa = PBXFileReference; lastKnownFileType = sourcecode.swift; path = AppDelegate.swift; sourceTree = "<group>"; };
		4577FEF925103B3300CA45CB /* SceneDelegate.swift */ = {isa = PBXFileReference; lastKnownFileType = sourcecode.swift; path = SceneDelegate.swift; sourceTree = "<group>"; };
		4577FEFB25103B3300CA45CB /* ViewController.swift */ = {isa = PBXFileReference; lastKnownFileType = sourcecode.swift; path = ViewController.swift; sourceTree = "<group>"; };
		4577FEFE25103B3300CA45CB /* Base */ = {isa = PBXFileReference; lastKnownFileType = file.storyboard; name = Base; path = Base.lproj/Main.storyboard; sourceTree = "<group>"; };
		4577FF0025103B3500CA45CB /* Assets.xcassets */ = {isa = PBXFileReference; lastKnownFileType = folder.assetcatalog; path = Assets.xcassets; sourceTree = "<group>"; };
		4577FF0325103B3500CA45CB /* Base */ = {isa = PBXFileReference; lastKnownFileType = file.storyboard; name = Base; path = Base.lproj/LaunchScreen.storyboard; sourceTree = "<group>"; };
		4577FF0525103B3500CA45CB /* Info.plist */ = {isa = PBXFileReference; lastKnownFileType = text.plist.xml; path = Info.plist; sourceTree = "<group>"; };
		4577FF0A25103B3500CA45CB /* RequestTests.xctest */ = {isa = PBXFileReference; explicitFileType = wrapper.cfbundle; includeInIndex = 0; path = RequestTests.xctest; sourceTree = BUILT_PRODUCTS_DIR; };
		4577FF0E25103B3500CA45CB /* RequestTests.swift */ = {isa = PBXFileReference; lastKnownFileType = sourcecode.swift; path = RequestTests.swift; sourceTree = "<group>"; };
		4577FF1025103B3500CA45CB /* Info.plist */ = {isa = PBXFileReference; lastKnownFileType = text.plist.xml; path = Info.plist; sourceTree = "<group>"; };
		4577FF1525103B3500CA45CB /* RequestUITests.xctest */ = {isa = PBXFileReference; explicitFileType = wrapper.cfbundle; includeInIndex = 0; path = RequestUITests.xctest; sourceTree = BUILT_PRODUCTS_DIR; };
		4577FF1925103B3500CA45CB /* RequestUITests.swift */ = {isa = PBXFileReference; lastKnownFileType = sourcecode.swift; path = RequestUITests.swift; sourceTree = "<group>"; };
		4577FF1B25103B3500CA45CB /* Info.plist */ = {isa = PBXFileReference; lastKnownFileType = text.plist.xml; path = Info.plist; sourceTree = "<group>"; };
		4577FF2725103BEC00CA45CB /* EasyRequest.swift */ = {isa = PBXFileReference; lastKnownFileType = sourcecode.swift; path = EasyRequest.swift; sourceTree = "<group>"; };
		4577FF2B251046DD00CA45CB /* MoviesModel.swift */ = {isa = PBXFileReference; lastKnownFileType = sourcecode.swift; path = MoviesModel.swift; sourceTree = "<group>"; };
/* End PBXFileReference section */

/* Begin PBXFrameworksBuildPhase section */
		4577FEF125103B3200CA45CB /* Frameworks */ = {
			isa = PBXFrameworksBuildPhase;
			buildActionMask = 2147483647;
			files = (
			);
			runOnlyForDeploymentPostprocessing = 0;
		};
		4577FF0725103B3500CA45CB /* Frameworks */ = {
			isa = PBXFrameworksBuildPhase;
			buildActionMask = 2147483647;
			files = (
			);
			runOnlyForDeploymentPostprocessing = 0;
		};
		4577FF1225103B3500CA45CB /* Frameworks */ = {
			isa = PBXFrameworksBuildPhase;
			buildActionMask = 2147483647;
			files = (
			);
			runOnlyForDeploymentPostprocessing = 0;
		};
/* End PBXFrameworksBuildPhase section */

/* Begin PBXGroup section */
		4577FEEB25103B3200CA45CB = {
			isa = PBXGroup;
			children = (
				4577FEF625103B3300CA45CB /* Request */,
				4577FF0D25103B3500CA45CB /* RequestTests */,
				4577FF1825103B3500CA45CB /* RequestUITests */,
				4577FEF525103B3300CA45CB /* Products */,
			);
			sourceTree = "<group>";
		};
		4577FEF525103B3300CA45CB /* Products */ = {
			isa = PBXGroup;
			children = (
				4577FEF425103B3300CA45CB /* Request.app */,
				4577FF0A25103B3500CA45CB /* RequestTests.xctest */,
				4577FF1525103B3500CA45CB /* RequestUITests.xctest */,
			);
			name = Products;
			sourceTree = "<group>";
		};
		4577FEF625103B3300CA45CB /* Request */ = {
			isa = PBXGroup;
			children = (
				4577FEF725103B3300CA45CB /* AppDelegate.swift */,
				4577FEF925103B3300CA45CB /* SceneDelegate.swift */,
				4577FEFB25103B3300CA45CB /* ViewController.swift */,
				4577FEFD25103B3300CA45CB /* Main.storyboard */,
				4577FF0025103B3500CA45CB /* Assets.xcassets */,
				4577FF0225103B3500CA45CB /* LaunchScreen.storyboard */,
				4577FF0525103B3500CA45CB /* Info.plist */,
				4577FF2725103BEC00CA45CB /* EasyRequest.swift */,
				4577FF2B251046DD00CA45CB /* MoviesModel.swift */,
				453C816A2510750200AE2BFB /* MyCollectionViewCell.swift */,
				453C816B2510750200AE2BFB /* MyCollectionViewCell.xib */,
				453C816E25107F9600AE2BFB /* MoviesViewModel.swift */,
				453C81702510855100AE2BFB /* MovieCellController.swift */,
			);
			path = Request;
			sourceTree = "<group>";
		};
		4577FF0D25103B3500CA45CB /* RequestTests */ = {
			isa = PBXGroup;
			children = (
				4577FF0E25103B3500CA45CB /* RequestTests.swift */,
				4577FF1025103B3500CA45CB /* Info.plist */,
			);
			path = RequestTests;
			sourceTree = "<group>";
		};
		4577FF1825103B3500CA45CB /* RequestUITests */ = {
			isa = PBXGroup;
			children = (
				4577FF1925103B3500CA45CB /* RequestUITests.swift */,
				4577FF1B25103B3500CA45CB /* Info.plist */,
			);
			path = RequestUITests;
			sourceTree = "<group>";
		};
/* End PBXGroup section */

/* Begin PBXNativeTarget section */
		4577FEF325103B3200CA45CB /* Request */ = {
			isa = PBXNativeTarget;
			buildConfigurationList = 4577FF1E25103B3500CA45CB /* Build configuration list for PBXNativeTarget "Request" */;
			buildPhases = (
				4577FEF025103B3200CA45CB /* Sources */,
				4577FEF125103B3200CA45CB /* Frameworks */,
				4577FEF225103B3200CA45CB /* Resources */,
			);
			buildRules = (
			);
			dependencies = (
			);
			name = Request;
			productName = Request;
			productReference = 4577FEF425103B3300CA45CB /* Request.app */;
			productType = "com.apple.product-type.application";
		};
		4577FF0925103B3500CA45CB /* RequestTests */ = {
			isa = PBXNativeTarget;
			buildConfigurationList = 4577FF2125103B3500CA45CB /* Build configuration list for PBXNativeTarget "RequestTests" */;
			buildPhases = (
				4577FF0625103B3500CA45CB /* Sources */,
				4577FF0725103B3500CA45CB /* Frameworks */,
				4577FF0825103B3500CA45CB /* Resources */,
			);
			buildRules = (
			);
			dependencies = (
				4577FF0C25103B3500CA45CB /* PBXTargetDependency */,
			);
			name = RequestTests;
			productName = RequestTests;
			productReference = 4577FF0A25103B3500CA45CB /* RequestTests.xctest */;
			productType = "com.apple.product-type.bundle.unit-test";
		};
		4577FF1425103B3500CA45CB /* RequestUITests */ = {
			isa = PBXNativeTarget;
			buildConfigurationList = 4577FF2425103B3500CA45CB /* Build configuration list for PBXNativeTarget "RequestUITests" */;
			buildPhases = (
				4577FF1125103B3500CA45CB /* Sources */,
				4577FF1225103B3500CA45CB /* Frameworks */,
				4577FF1325103B3500CA45CB /* Resources */,
			);
			buildRules = (
			);
			dependencies = (
				4577FF1725103B3500CA45CB /* PBXTargetDependency */,
			);
			name = RequestUITests;
			productName = RequestUITests;
			productReference = 4577FF1525103B3500CA45CB /* RequestUITests.xctest */;
			productType = "com.apple.product-type.bundle.ui-testing";
		};
/* End PBXNativeTarget section */

/* Begin PBXProject section */
		4577FEEC25103B3200CA45CB /* Project object */ = {
			isa = PBXProject;
			attributes = {
				LastSwiftUpdateCheck = 1170;
				LastUpgradeCheck = 1170;
				ORGANIZATIONNAME = Sanket;
				TargetAttributes = {
					4577FEF325103B3200CA45CB = {
						CreatedOnToolsVersion = 11.7;
					};
					4577FF0925103B3500CA45CB = {
						CreatedOnToolsVersion = 11.7;
						TestTargetID = 4577FEF325103B3200CA45CB;
					};
					4577FF1425103B3500CA45CB = {
						CreatedOnToolsVersion = 11.7;
						TestTargetID = 4577FEF325103B3200CA45CB;
					};
				};
			};
			buildConfigurationList = 4577FEEF25103B3200CA45CB /* Build configuration list for PBXProject "Request" */;
			compatibilityVersion = "Xcode 9.3";
			developmentRegion = en;
			hasScannedForEncodings = 0;
			knownRegions = (
				en,
				Base,
			);
			mainGroup = 4577FEEB25103B3200CA45CB;
			productRefGroup = 4577FEF525103B3300CA45CB /* Products */;
			projectDirPath = "";
			projectRoot = "";
			targets = (
				4577FEF325103B3200CA45CB /* Request */,
				4577FF0925103B3500CA45CB /* RequestTests */,
				4577FF1425103B3500CA45CB /* RequestUITests */,
			);
		};
/* End PBXProject section */

/* Begin PBXResourcesBuildPhase section */
		4577FEF225103B3200CA45CB /* Resources */ = {
			isa = PBXResourcesBuildPhase;
			buildActionMask = 2147483647;
			files = (
				4577FF0425103B3500CA45CB /* LaunchScreen.storyboard in Resources */,
				4577FF0125103B3500CA45CB /* Assets.xcassets in Resources */,
				453C816D2510750200AE2BFB /* MyCollectionViewCell.xib in Resources */,
				4577FEFF25103B3300CA45CB /* Main.storyboard in Resources */,
			);
			runOnlyForDeploymentPostprocessing = 0;
		};
		4577FF0825103B3500CA45CB /* Resources */ = {
			isa = PBXResourcesBuildPhase;
			buildActionMask = 2147483647;
			files = (
			);
			runOnlyForDeploymentPostprocessing = 0;
		};
		4577FF1325103B3500CA45CB /* Resources */ = {
			isa = PBXResourcesBuildPhase;
			buildActionMask = 2147483647;
			files = (
			);
			runOnlyForDeploymentPostprocessing = 0;
		};
/* End PBXResourcesBuildPhase section */

/* Begin PBXSourcesBuildPhase section */
		4577FEF025103B3200CA45CB /* Sources */ = {
			isa = PBXSourcesBuildPhase;
			buildActionMask = 2147483647;
			files = (
				453C81712510855100AE2BFB /* MovieCellController.swift in Sources */,
				4577FEFC25103B3300CA45CB /* ViewController.swift in Sources */,
				453C816C2510750200AE2BFB /* MyCollectionViewCell.swift in Sources */,
				4577FEF825103B3300CA45CB /* AppDelegate.swift in Sources */,
				4577FF2C251046DD00CA45CB /* MoviesModel.swift in Sources */,
				4577FEFA25103B3300CA45CB /* SceneDelegate.swift in Sources */,
				4577FF2825103BEC00CA45CB /* EasyRequest.swift in Sources */,
				453C816F25107F9600AE2BFB /* MoviesViewModel.swift in Sources */,
			);
			runOnlyForDeploymentPostprocessing = 0;
		};
		4577FF0625103B3500CA45CB /* Sources */ = {
			isa = PBXSourcesBuildPhase;
			buildActionMask = 2147483647;
			files = (
				4577FF0F25103B3500CA45CB /* RequestTests.swift in Sources */,
			);
			runOnlyForDeploymentPostprocessing = 0;
		};
		4577FF1125103B3500CA45CB /* Sources */ = {
			isa = PBXSourcesBuildPhase;
			buildActionMask = 2147483647;
			files = (
				4577FF1A25103B3500CA45CB /* RequestUITests.swift in Sources */,
			);
			runOnlyForDeploymentPostprocessing = 0;
		};
/* End PBXSourcesBuildPhase section */

/* Begin PBXTargetDependency section */
		4577FF0C25103B3500CA45CB /* PBXTargetDependency */ = {
			isa = PBXTargetDependency;
			target = 4577FEF325103B3200CA45CB /* Request */;
			targetProxy = 4577FF0B25103B3500CA45CB /* PBXContainerItemProxy */;
		};
		4577FF1725103B3500CA45CB /* PBXTargetDependency */ = {
			isa = PBXTargetDependency;
			target = 4577FEF325103B3200CA45CB /* Request */;
			targetProxy = 4577FF1625103B3500CA45CB /* PBXContainerItemProxy */;
		};
/* End PBXTargetDependency section */

/* Begin PBXVariantGroup section */
		4577FEFD25103B3300CA45CB /* Main.storyboard */ = {
			isa = PBXVariantGroup;
			children = (
				4577FEFE25103B3300CA45CB /* Base */,
			);
			name = Main.storyboard;
			sourceTree = "<group>";
		};
		4577FF0225103B3500CA45CB /* LaunchScreen.storyboard */ = {
			isa = PBXVariantGroup;
			children = (
				4577FF0325103B3500CA45CB /* Base */,
			);
			name = LaunchScreen.storyboard;
			sourceTree = "<group>";
		};
/* End PBXVariantGroup section */

/* Begin XCBuildConfiguration section */
		4577FF1C25103B3500CA45CB /* Debug */ = {
			isa = XCBuildConfiguration;
			buildSettings = {
				ALWAYS_SEARCH_USER_PATHS = NO;
				CLANG_ANALYZER_NONNULL = YES;
				CLANG_ANALYZER_NUMBER_OBJECT_CONVERSION = YES_AGGRESSIVE;
				CLANG_CXX_LANGUAGE_STANDARD = "gnu++14";
				CLANG_CXX_LIBRARY = "libc++";
				CLANG_ENABLE_MODULES = YES;
				CLANG_ENABLE_OBJC_ARC = YES;
				CLANG_ENABLE_OBJC_WEAK = YES;
				CLANG_WARN_BLOCK_CAPTURE_AUTORELEASING = YES;
				CLANG_WARN_BOOL_CONVERSION = YES;
				CLANG_WARN_COMMA = YES;
				CLANG_WARN_CONSTANT_CONVERSION = YES;
				CLANG_WARN_DEPRECATED_OBJC_IMPLEMENTATIONS = YES;
				CLANG_WARN_DIRECT_OBJC_ISA_USAGE = YES_ERROR;
				CLANG_WARN_DOCUMENTATION_COMMENTS = YES;
				CLANG_WARN_EMPTY_BODY = YES;
				CLANG_WARN_ENUM_CONVERSION = YES;
				CLANG_WARN_INFINITE_RECURSION = YES;
				CLANG_WARN_INT_CONVERSION = YES;
				CLANG_WARN_NON_LITERAL_NULL_CONVERSION = YES;
				CLANG_WARN_OBJC_IMPLICIT_RETAIN_SELF = YES;
				CLANG_WARN_OBJC_LITERAL_CONVERSION = YES;
				CLANG_WARN_OBJC_ROOT_CLASS = YES_ERROR;
				CLANG_WARN_RANGE_LOOP_ANALYSIS = YES;
				CLANG_WARN_STRICT_PROTOTYPES = YES;
				CLANG_WARN_SUSPICIOUS_MOVE = YES;
				CLANG_WARN_UNGUARDED_AVAILABILITY = YES_AGGRESSIVE;
				CLANG_WARN_UNREACHABLE_CODE = YES;
				CLANG_WARN__DUPLICATE_METHOD_MATCH = YES;
				COPY_PHASE_STRIP = NO;
				DEBUG_INFORMATION_FORMAT = dwarf;
				ENABLE_STRICT_OBJC_MSGSEND = YES;
				ENABLE_TESTABILITY = YES;
				GCC_C_LANGUAGE_STANDARD = gnu11;
				GCC_DYNAMIC_NO_PIC = NO;
				GCC_NO_COMMON_BLOCKS = YES;
				GCC_OPTIMIZATION_LEVEL = 0;
				GCC_PREPROCESSOR_DEFINITIONS = (
					"DEBUG=1",
					"$(inherited)",
				);
				GCC_WARN_64_TO_32_BIT_CONVERSION = YES;
				GCC_WARN_ABOUT_RETURN_TYPE = YES_ERROR;
				GCC_WARN_UNDECLARED_SELECTOR = YES;
				GCC_WARN_UNINITIALIZED_AUTOS = YES_AGGRESSIVE;
				GCC_WARN_UNUSED_FUNCTION = YES;
				GCC_WARN_UNUSED_VARIABLE = YES;
				IPHONEOS_DEPLOYMENT_TARGET = 13.7;
				MTL_ENABLE_DEBUG_INFO = INCLUDE_SOURCE;
				MTL_FAST_MATH = YES;
				ONLY_ACTIVE_ARCH = YES;
				SDKROOT = iphoneos;
				SWIFT_ACTIVE_COMPILATION_CONDITIONS = DEBUG;
				SWIFT_OPTIMIZATION_LEVEL = "-Onone";
			};
			name = Debug;
		};
		4577FF1D25103B3500CA45CB /* Release */ = {
			isa = XCBuildConfiguration;
			buildSettings = {
				ALWAYS_SEARCH_USER_PATHS = NO;
				CLANG_ANALYZER_NONNULL = YES;
				CLANG_ANALYZER_NUMBER_OBJECT_CONVERSION = YES_AGGRESSIVE;
				CLANG_CXX_LANGUAGE_STANDARD = "gnu++14";
				CLANG_CXX_LIBRARY = "libc++";
				CLANG_ENABLE_MODULES = YES;
				CLANG_ENABLE_OBJC_ARC = YES;
				CLANG_ENABLE_OBJC_WEAK = YES;
				CLANG_WARN_BLOCK_CAPTURE_AUTORELEASING = YES;
				CLANG_WARN_BOOL_CONVERSION = YES;
				CLANG_WARN_COMMA = YES;
				CLANG_WARN_CONSTANT_CONVERSION = YES;
				CLANG_WARN_DEPRECATED_OBJC_IMPLEMENTATIONS = YES;
				CLANG_WARN_DIRECT_OBJC_ISA_USAGE = YES_ERROR;
				CLANG_WARN_DOCUMENTATION_COMMENTS = YES;
				CLANG_WARN_EMPTY_BODY = YES;
				CLANG_WARN_ENUM_CONVERSION = YES;
				CLANG_WARN_INFINITE_RECURSION = YES;
				CLANG_WARN_INT_CONVERSION = YES;
				CLANG_WARN_NON_LITERAL_NULL_CONVERSION = YES;
				CLANG_WARN_OBJC_IMPLICIT_RETAIN_SELF = YES;
				CLANG_WARN_OBJC_LITERAL_CONVERSION = YES;
				CLANG_WARN_OBJC_ROOT_CLASS = YES_ERROR;
				CLANG_WARN_RANGE_LOOP_ANALYSIS = YES;
				CLANG_WARN_STRICT_PROTOTYPES = YES;
				CLANG_WARN_SUSPICIOUS_MOVE = YES;
				CLANG_WARN_UNGUARDED_AVAILABILITY = YES_AGGRESSIVE;
				CLANG_WARN_UNREACHABLE_CODE = YES;
				CLANG_WARN__DUPLICATE_METHOD_MATCH = YES;
				COPY_PHASE_STRIP = NO;
				DEBUG_INFORMATION_FORMAT = "dwarf-with-dsym";
				ENABLE_NS_ASSERTIONS = NO;
				ENABLE_STRICT_OBJC_MSGSEND = YES;
				GCC_C_LANGUAGE_STANDARD = gnu11;
				GCC_NO_COMMON_BLOCKS = YES;
				GCC_WARN_64_TO_32_BIT_CONVERSION = YES;
				GCC_WARN_ABOUT_RETURN_TYPE = YES_ERROR;
				GCC_WARN_UNDECLARED_SELECTOR = YES;
				GCC_WARN_UNINITIALIZED_AUTOS = YES_AGGRESSIVE;
				GCC_WARN_UNUSED_FUNCTION = YES;
				GCC_WARN_UNUSED_VARIABLE = YES;
				IPHONEOS_DEPLOYMENT_TARGET = 13.7;
				MTL_ENABLE_DEBUG_INFO = NO;
				MTL_FAST_MATH = YES;
				SDKROOT = iphoneos;
				SWIFT_COMPILATION_MODE = wholemodule;
				SWIFT_OPTIMIZATION_LEVEL = "-O";
				VALIDATE_PRODUCT = YES;
			};
			name = Release;
		};
		4577FF1F25103B3500CA45CB /* Debug */ = {
			isa = XCBuildConfiguration;
			buildSettings = {
				ASSETCATALOG_COMPILER_APPICON_NAME = AppIcon;
				CODE_SIGN_STYLE = Automatic;
				INFOPLIST_FILE = Request/Info.plist;
				LD_RUNPATH_SEARCH_PATHS = (
					"$(inherited)",
					"@executable_path/Frameworks",
				);
				PRODUCT_BUNDLE_IDENTIFIER = com.Request;
				PRODUCT_NAME = "$(TARGET_NAME)";
				SWIFT_VERSION = 5.0;
				TARGETED_DEVICE_FAMILY = "1,2";
			};
			name = Debug;
		};
		4577FF2025103B3500CA45CB /* Release */ = {
			isa = XCBuildConfiguration;
			buildSettings = {
				ASSETCATALOG_COMPILER_APPICON_NAME = AppIcon;
				CODE_SIGN_STYLE = Automatic;
				INFOPLIST_FILE = Request/Info.plist;
				LD_RUNPATH_SEARCH_PATHS = (
					"$(inherited)",
					"@executable_path/Frameworks",
				);
				PRODUCT_BUNDLE_IDENTIFIER = com.Request;
				PRODUCT_NAME = "$(TARGET_NAME)";
				SWIFT_VERSION = 5.0;
				TARGETED_DEVICE_FAMILY = "1,2";
			};
			name = Release;
		};
		4577FF2225103B3500CA45CB /* Debug */ = {
			isa = XCBuildConfiguration;
			buildSettings = {
				ALWAYS_EMBED_SWIFT_STANDARD_LIBRARIES = YES;
				BUNDLE_LOADER = "$(TEST_HOST)";
				CODE_SIGN_STYLE = Automatic;
				INFOPLIST_FILE = RequestTests/Info.plist;
				IPHONEOS_DEPLOYMENT_TARGET = 13.7;
				LD_RUNPATH_SEARCH_PATHS = (
					"$(inherited)",
					"@executable_path/Frameworks",
					"@loader_path/Frameworks",
				);
				PRODUCT_BUNDLE_IDENTIFIER = com.RequestTests;
				PRODUCT_NAME = "$(TARGET_NAME)";
				SWIFT_VERSION = 5.0;
				TARGETED_DEVICE_FAMILY = "1,2";
				TEST_HOST = "$(BUILT_PRODUCTS_DIR)/Request.app/Request";
			};
			name = Debug;
		};
		4577FF2325103B3500CA45CB /* Release */ = {
			isa = XCBuildConfiguration;
			buildSettings = {
				ALWAYS_EMBED_SWIFT_STANDARD_LIBRARIES = YES;
				BUNDLE_LOADER = "$(TEST_HOST)";
				CODE_SIGN_STYLE = Automatic;
				INFOPLIST_FILE = RequestTests/Info.plist;
				IPHONEOS_DEPLOYMENT_TARGET = 13.7;
				LD_RUNPATH_SEARCH_PATHS = (
					"$(inherited)",
					"@executable_path/Frameworks",
					"@loader_path/Frameworks",
				);
				PRODUCT_BUNDLE_IDENTIFIER = com.RequestTests;
				PRODUCT_NAME = "$(TARGET_NAME)";
				SWIFT_VERSION = 5.0;
				TARGETED_DEVICE_FAMILY = "1,2";
				TEST_HOST = "$(BUILT_PRODUCTS_DIR)/Request.app/Request";
			};
			name = Release;
		};
		4577FF2525103B3500CA45CB /* Debug */ = {
			isa = XCBuildConfiguration;
			buildSettings = {
				ALWAYS_EMBED_SWIFT_STANDARD_LIBRARIES = YES;
				CODE_SIGN_STYLE = Automatic;
				INFOPLIST_FILE = RequestUITests/Info.plist;
				LD_RUNPATH_SEARCH_PATHS = (
					"$(inherited)",
					"@executable_path/Frameworks",
					"@loader_path/Frameworks",
				);
				PRODUCT_BUNDLE_IDENTIFIER = com.RequestUITests;
				PRODUCT_NAME = "$(TARGET_NAME)";
				SWIFT_VERSION = 5.0;
				TARGETED_DEVICE_FAMILY = "1,2";
				TEST_TARGET_NAME = Request;
			};
			name = Debug;
		};
		4577FF2625103B3500CA45CB /* Release */ = {
			isa = XCBuildConfiguration;
			buildSettings = {
				ALWAYS_EMBED_SWIFT_STANDARD_LIBRARIES = YES;
				CODE_SIGN_STYLE = Automatic;
				INFOPLIST_FILE = RequestUITests/Info.plist;
				LD_RUNPATH_SEARCH_PATHS = (
					"$(inherited)",
					"@executable_path/Frameworks",
					"@loader_path/Frameworks",
				);
				PRODUCT_BUNDLE_IDENTIFIER = com.RequestUITests;
				PRODUCT_NAME = "$(TARGET_NAME)";
				SWIFT_VERSION = 5.0;
				TARGETED_DEVICE_FAMILY = "1,2";
				TEST_TARGET_NAME = Request;
			};
			name = Release;
		};
/* End XCBuildConfiguration section */

/* Begin XCConfigurationList section */
		4577FEEF25103B3200CA45CB /* Build configuration list for PBXProject "Request" */ = {
			isa = XCConfigurationList;
			buildConfigurations = (
				4577FF1C25103B3500CA45CB /* Debug */,
				4577FF1D25103B3500CA45CB /* Release */,
			);
			defaultConfigurationIsVisible = 0;
			defaultConfigurationName = Release;
		};
		4577FF1E25103B3500CA45CB /* Build configuration list for PBXNativeTarget "Request" */ = {
			isa = XCConfigurationList;
			buildConfigurations = (
				4577FF1F25103B3500CA45CB /* Debug */,
				4577FF2025103B3500CA45CB /* Release */,
			);
			defaultConfigurationIsVisible = 0;
			defaultConfigurationName = Release;
		};
		4577FF2125103B3500CA45CB /* Build configuration list for PBXNativeTarget "RequestTests" */ = {
			isa = XCConfigurationList;
			buildConfigurations = (
				4577FF2225103B3500CA45CB /* Debug */,
				4577FF2325103B3500CA45CB /* Release */,
			);
			defaultConfigurationIsVisible = 0;
			defaultConfigurationName = Release;
		};
		4577FF2425103B3500CA45CB /* Build configuration list for PBXNativeTarget "RequestUITests" */ = {
			isa = XCConfigurationList;
			buildConfigurations = (
				4577FF2525103B3500CA45CB /* Debug */,
				4577FF2625103B3500CA45CB /* Release */,
			);
			defaultConfigurationIsVisible = 0;
			defaultConfigurationName = Release;
		};
/* End XCConfigurationList section */
	};
	rootObject = 4577FEEC25103B3200CA45CB /* Project object */;
}
